// !$*UTF8*$!
{
	archiveVersion = 1;
	classes = {
	};
	objectVersion = 50;
	objects = {

/* Begin PBXBuildFile section */
		DA82512E25F2EAF8001A96D2 /* AppDelegate.swift in Sources */ = {isa = PBXBuildFile; fileRef = DA82512D25F2EAF8001A96D2 /* AppDelegate.swift */; };
		DA82513525F2EAF8001A96D2 /* Main.storyboard in Resources */ = {isa = PBXBuildFile; fileRef = DA82513325F2EAF8001A96D2 /* Main.storyboard */; };
		DA82513725F2EAF8001A96D2 /* Assets.xcassets in Resources */ = {isa = PBXBuildFile; fileRef = DA82513625F2EAF8001A96D2 /* Assets.xcassets */; };
		DA82513A25F2EAF8001A96D2 /* LaunchScreen.storyboard in Resources */ = {isa = PBXBuildFile; fileRef = DA82513825F2EAF8001A96D2 /* LaunchScreen.storyboard */; };
		DA82514F25F2EDA8001A96D2 /* MyTabBarViewController.swift in Sources */ = {isa = PBXBuildFile; fileRef = DA82514E25F2EDA8001A96D2 /* MyTabBarViewController.swift */; };
		DA82515225F2EDC6001A96D2 /* MyViewController.swift in Sources */ = {isa = PBXBuildFile; fileRef = DA82515125F2EDC6001A96D2 /* MyViewController.swift */; };
		DA82515625F2EE45001A96D2 /* MyTableViewController.swift in Sources */ = {isa = PBXBuildFile; fileRef = DA82515525F2EE45001A96D2 /* MyTableViewController.swift */; };
		DA82515925F2F0F8001A96D2 /* MyTableViewCell.swift in Sources */ = {isa = PBXBuildFile; fileRef = DA82515825F2F0F8001A96D2 /* MyTableViewCell.swift */; };
/* End PBXBuildFile section */

/* Begin PBXFileReference section */
		DA82512A25F2EAF8001A96D2 /* practica_tres.app */ = {isa = PBXFileReference; explicitFileType = wrapper.application; includeInIndex = 0; path = practica_tres.app; sourceTree = BUILT_PRODUCTS_DIR; };
		DA82512D25F2EAF8001A96D2 /* AppDelegate.swift */ = {isa = PBXFileReference; lastKnownFileType = sourcecode.swift; path = AppDelegate.swift; sourceTree = "<group>"; };
		DA82513425F2EAF8001A96D2 /* Base */ = {isa = PBXFileReference; lastKnownFileType = file.storyboard; name = Base; path = Base.lproj/Main.storyboard; sourceTree = "<group>"; };
		DA82513625F2EAF8001A96D2 /* Assets.xcassets */ = {isa = PBXFileReference; lastKnownFileType = folder.assetcatalog; path = Assets.xcassets; sourceTree = "<group>"; };
		DA82513925F2EAF8001A96D2 /* Base */ = {isa = PBXFileReference; lastKnownFileType = file.storyboard; name = Base; path = Base.lproj/LaunchScreen.storyboard; sourceTree = "<group>"; };
		DA82513B25F2EAF8001A96D2 /* Info.plist */ = {isa = PBXFileReference; lastKnownFileType = text.plist.xml; path = Info.plist; sourceTree = "<group>"; };
		DA82514E25F2EDA8001A96D2 /* MyTabBarViewController.swift */ = {isa = PBXFileReference; lastKnownFileType = sourcecode.swift; path = MyTabBarViewController.swift; sourceTree = "<group>"; };
		DA82515125F2EDC6001A96D2 /* MyViewController.swift */ = {isa = PBXFileReference; lastKnownFileType = sourcecode.swift; path = MyViewController.swift; sourceTree = "<group>"; };
		DA82515525F2EE45001A96D2 /* MyTableViewController.swift */ = {isa = PBXFileReference; lastKnownFileType = sourcecode.swift; path = MyTableViewController.swift; sourceTree = "<group>"; };
		DA82515825F2F0F8001A96D2 /* MyTableViewCell.swift */ = {isa = PBXFileReference; lastKnownFileType = sourcecode.swift; path = MyTableViewCell.swift; sourceTree = "<group>"; };
/* End PBXFileReference section */

/* Begin PBXFrameworksBuildPhase section */
		DA82512725F2EAF8001A96D2 /* Frameworks */ = {
			isa = PBXFrameworksBuildPhase;
			buildActionMask = 2147483647;
			files = (
			);
			runOnlyForDeploymentPostprocessing = 0;
		};
/* End PBXFrameworksBuildPhase section */

/* Begin PBXGroup section */
		DA82512125F2EAF8001A96D2 = {
			isa = PBXGroup;
			children = (
				DA82512C25F2EAF8001A96D2 /* practica_tres */,
				DA82512B25F2EAF8001A96D2 /* Products */,
			);
			sourceTree = "<group>";
		};
		DA82512B25F2EAF8001A96D2 /* Products */ = {
			isa = PBXGroup;
			children = (
				DA82512A25F2EAF8001A96D2 /* practica_tres.app */,
			);
			name = Products;
			sourceTree = "<group>";
		};
		DA82512C25F2EAF8001A96D2 /* practica_tres */ = {
			isa = PBXGroup;
			children = (
				DA82512D25F2EAF8001A96D2 /* AppDelegate.swift */,
				DA82513325F2EAF8001A96D2 /* Main.storyboard */,
				DA82515825F2F0F8001A96D2 /* MyTableViewCell.swift */,
				DA82515525F2EE45001A96D2 /* MyTableViewController.swift */,
				DA82515125F2EDC6001A96D2 /* MyViewController.swift */,
				DA82514E25F2EDA8001A96D2 /* MyTabBarViewController.swift */,
				DA82513625F2EAF8001A96D2 /* Assets.xcassets */,
				DA82513825F2EAF8001A96D2 /* LaunchScreen.storyboard */,
				DA82513B25F2EAF8001A96D2 /* Info.plist */,
			);
			path = practica_tres;
			sourceTree = "<group>";
		};
/* End PBXGroup section */

/* Begin PBXNativeTarget section */
		DA82512925F2EAF8001A96D2 /* practica_tres */ = {
			isa = PBXNativeTarget;
			buildConfigurationList = DA82513E25F2EAF8001A96D2 /* Build configuration list for PBXNativeTarget "practica_tres" */;
			buildPhases = (
				DA82512625F2EAF8001A96D2 /* Sources */,
				DA82512725F2EAF8001A96D2 /* Frameworks */,
				DA82512825F2EAF8001A96D2 /* Resources */,
			);
			buildRules = (
			);
			dependencies = (
			);
			name = practica_tres;
			productName = practica_tres;
			productReference = DA82512A25F2EAF8001A96D2 /* practica_tres.app */;
			productType = "com.apple.product-type.application";
		};
/* End PBXNativeTarget section */

/* Begin PBXProject section */
		DA82512225F2EAF8001A96D2 /* Project object */ = {
			isa = PBXProject;
			attributes = {
				LastSwiftUpdateCheck = 1240;
				LastUpgradeCheck = 1240;
				TargetAttributes = {
					DA82512925F2EAF8001A96D2 = {
						CreatedOnToolsVersion = 12.4;
					};
				};
			};
			buildConfigurationList = DA82512525F2EAF8001A96D2 /* Build configuration list for PBXProject "practica_tres" */;
			compatibilityVersion = "Xcode 9.3";
			developmentRegion = en;
			hasScannedForEncodings = 0;
			knownRegions = (
				en,
				Base,
			);
			mainGroup = DA82512125F2EAF8001A96D2;
			productRefGroup = DA82512B25F2EAF8001A96D2 /* Products */;
			projectDirPath = "";
			projectRoot = "";
			targets = (
				DA82512925F2EAF8001A96D2 /* practica_tres */,
			);
		};
/* End PBXProject section */

/* Begin PBXResourcesBuildPhase section */
		DA82512825F2EAF8001A96D2 /* Resources */ = {
			isa = PBXResourcesBuildPhase;
			buildActionMask = 2147483647;
			files = (
				DA82513A25F2EAF8001A96D2 /* LaunchScreen.storyboard in Resources */,
				DA82513725F2EAF8001A96D2 /* Assets.xcassets in Resources */,
				DA82513525F2EAF8001A96D2 /* Main.storyboard in Resources */,
			);
			runOnlyForDeploymentPostprocessing = 0;
		};
/* End PBXResourcesBuildPhase section */

/* Begin PBXSourcesBuildPhase section */
		DA82512625F2EAF8001A96D2 /* Sources */ = {
			isa = PBXSourcesBuildPhase;
			buildActionMask = 2147483647;
			files = (
				DA82514F25F2EDA8001A96D2 /* MyTabBarViewController.swift in Sources */,
				DA82515225F2EDC6001A96D2 /* MyViewController.swift in Sources */,
				DA82512E25F2EAF8001A96D2 /* AppDelegate.swift in Sources */,
				DA82515925F2F0F8001A96D2 /* MyTableViewCell.swift in Sources */,
				DA82515625F2EE45001A96D2 /* MyTableViewController.swift in Sources */,
			);
			runOnlyForDeploymentPostprocessing = 0;
		};
/* End PBXSourcesBuildPhase section */

/* Begin PBXVariantGroup section */
		DA82513325F2EAF8001A96D2 /* Main.storyboard */ = {
			isa = PBXVariantGroup;
			children = (
				DA82513425F2EAF8001A96D2 /* Base */,
			);
			name = Main.storyboard;
			sourceTree = "<group>";
		};
		DA82513825F2EAF8001A96D2 /* LaunchScreen.storyboard */ = {
			isa = PBXVariantGroup;
			children = (
				DA82513925F2EAF8001A96D2 /* Base */,
			);
			name = LaunchScreen.storyboard;
			sourceTree = "<group>";
		};
/* End PBXVariantGroup section */

/* Begin XCBuildConfiguration section */
		DA82513C25F2EAF8001A96D2 /* Debug */ = {
			isa = XCBuildConfiguration;
			buildSettings = {
				ALWAYS_SEARCH_USER_PATHS = NO;
				CLANG_ANALYZER_NONNULL = YES;
				CLANG_ANALYZER_NUMBER_OBJECT_CONVERSION = YES_AGGRESSIVE;
				CLANG_CXX_LANGUAGE_STANDARD = "gnu++14";
				CLANG_CXX_LIBRARY = "libc++";
				CLANG_ENABLE_MODULES = YES;
				CLANG_ENABLE_OBJC_ARC = YES;
				CLANG_ENABLE_OBJC_WEAK = YES;
				CLANG_WARN_BLOCK_CAPTURE_AUTORELEASING = YES;
				CLANG_WARN_BOOL_CONVERSION = YES;
				CLANG_WARN_COMMA = YES;
				CLANG_WARN_CONSTANT_CONVERSION = YES;
				CLANG_WARN_DEPRECATED_OBJC_IMPLEMENTATIONS = YES;
				CLANG_WARN_DIRECT_OBJC_ISA_USAGE = YES_ERROR;
				CLANG_WARN_DOCUMENTATION_COMMENTS = YES;
				CLANG_WARN_EMPTY_BODY = YES;
				CLANG_WARN_ENUM_CONVERSION = YES;
				CLANG_WARN_INFINITE_RECURSION = YES;
				CLANG_WARN_INT_CONVERSION = YES;
				CLANG_WARN_NON_LITERAL_NULL_CONVERSION = YES;
				CLANG_WARN_OBJC_IMPLICIT_RETAIN_SELF = YES;
				CLANG_WARN_OBJC_LITERAL_CONVERSION = YES;
				CLANG_WARN_OBJC_ROOT_CLASS = YES_ERROR;
				CLANG_WARN_QUOTED_INCLUDE_IN_FRAMEWORK_HEADER = YES;
				CLANG_WARN_RANGE_LOOP_ANALYSIS = YES;
				CLANG_WARN_STRICT_PROTOTYPES = YES;
				CLANG_WARN_SUSPICIOUS_MOVE = YES;
				CLANG_WARN_UNGUARDED_AVAILABILITY = YES_AGGRESSIVE;
				CLANG_WARN_UNREACHABLE_CODE = YES;
				CLANG_WARN__DUPLICATE_METHOD_MATCH = YES;
				COPY_PHASE_STRIP = NO;
				DEBUG_INFORMATION_FORMAT = dwarf;
				ENABLE_STRICT_OBJC_MSGSEND = YES;
				ENABLE_TESTABILITY = YES;
				GCC_C_LANGUAGE_STANDARD = gnu11;
				GCC_DYNAMIC_NO_PIC = NO;
				GCC_NO_COMMON_BLOCKS = YES;
				GCC_OPTIMIZATION_LEVEL = 0;
				GCC_PREPROCESSOR_DEFINITIONS = (
					"DEBUG=1",
					"$(inherited)",
				);
				GCC_WARN_64_TO_32_BIT_CONVERSION = YES;
				GCC_WARN_ABOUT_RETURN_TYPE = YES_ERROR;
				GCC_WARN_UNDECLARED_SELECTOR = YES;
				GCC_WARN_UNINITIALIZED_AUTOS = YES_AGGRESSIVE;
				GCC_WARN_UNUSED_FUNCTION = YES;
				GCC_WARN_UNUSED_VARIABLE = YES;
				IPHONEOS_DEPLOYMENT_TARGET = 14.4;
				MTL_ENABLE_DEBUG_INFO = INCLUDE_SOURCE;
				MTL_FAST_MATH = YES;
				ONLY_ACTIVE_ARCH = YES;
				SDKROOT = iphoneos;
				SWIFT_ACTIVE_COMPILATION_CONDITIONS = DEBUG;
				SWIFT_OPTIMIZATION_LEVEL = "-Onone";
			};
			name = Debug;
		};
		DA82513D25F2EAF8001A96D2 /* Release */ = {
			isa = XCBuildConfiguration;
			buildSettings = {
				ALWAYS_SEARCH_USER_PATHS = NO;
				CLANG_ANALYZER_NONNULL = YES;
				CLANG_ANALYZER_NUMBER_OBJECT_CONVERSION = YES_AGGRESSIVE;
				CLANG_CXX_LANGUAGE_STANDARD = "gnu++14";
				CLANG_CXX_LIBRARY = "libc++";
				CLANG_ENABLE_MODULES = YES;
				CLANG_ENABLE_OBJC_ARC = YES;
				CLANG_ENABLE_OBJC_WEAK = YES;
				CLANG_WARN_BLOCK_CAPTURE_AUTORELEASING = YES;
				CLANG_WARN_BOOL_CONVERSION = YES;
				CLANG_WARN_COMMA = YES;
				CLANG_WARN_CONSTANT_CONVERSION = YES;
				CLANG_WARN_DEPRECATED_OBJC_IMPLEMENTATIONS = YES;
				CLANG_WARN_DIRECT_OBJC_ISA_USAGE = YES_ERROR;
				CLANG_WARN_DOCUMENTATION_COMMENTS = YES;
				CLANG_WARN_EMPTY_BODY = YES;
				CLANG_WARN_ENUM_CONVERSION = YES;
				CLANG_WARN_INFINITE_RECURSION = YES;
				CLANG_WARN_INT_CONVERSION = YES;
				CLANG_WARN_NON_LITERAL_NULL_CONVERSION = YES;
				CLANG_WARN_OBJC_IMPLICIT_RETAIN_SELF = YES;
				CLANG_WARN_OBJC_LITERAL_CONVERSION = YES;
				CLANG_WARN_OBJC_ROOT_CLASS = YES_ERROR;
				CLANG_WARN_QUOTED_INCLUDE_IN_FRAMEWORK_HEADER = YES;
				CLANG_WARN_RANGE_LOOP_ANALYSIS = YES;
				CLANG_WARN_STRICT_PROTOTYPES = YES;
				CLANG_WARN_SUSPICIOUS_MOVE = YES;
				CLANG_WARN_UNGUARDED_AVAILABILITY = YES_AGGRESSIVE;
				CLANG_WARN_UNREACHABLE_CODE = YES;
				CLANG_WARN__DUPLICATE_METHOD_MATCH = YES;
				COPY_PHASE_STRIP = NO;
				DEBUG_INFORMATION_FORMAT = "dwarf-with-dsym";
				ENABLE_NS_ASSERTIONS = NO;
				ENABLE_STRICT_OBJC_MSGSEND = YES;
				GCC_C_LANGUAGE_STANDARD = gnu11;
				GCC_NO_COMMON_BLOCKS = YES;
				GCC_WARN_64_TO_32_BIT_CONVERSION = YES;
				GCC_WARN_ABOUT_RETURN_TYPE = YES_ERROR;
				GCC_WARN_UNDECLARED_SELECTOR = YES;
				GCC_WARN_UNINITIALIZED_AUTOS = YES_AGGRESSIVE;
				GCC_WARN_UNUSED_FUNCTION = YES;
				GCC_WARN_UNUSED_VARIABLE = YES;
				IPHONEOS_DEPLOYMENT_TARGET = 14.4;
				MTL_ENABLE_DEBUG_INFO = NO;
				MTL_FAST_MATH = YES;
				SDKROOT = iphoneos;
				SWIFT_COMPILATION_MODE = wholemodule;
				SWIFT_OPTIMIZATION_LEVEL = "-O";
				VALIDATE_PRODUCT = YES;
			};
			name = Release;
		};
		DA82513F25F2EAF8001A96D2 /* Debug */ = {
			isa = XCBuildConfiguration;
			buildSettings = {
				ASSETCATALOG_COMPILER_APPICON_NAME = AppIcon;
				ASSETCATALOG_COMPILER_GLOBAL_ACCENT_COLOR_NAME = AccentColor;
				CODE_SIGN_STYLE = Automatic;
				DEVELOPMENT_TEAM = 9FG8SD99LV;
				INFOPLIST_FILE = practica_tres/Info.plist;
				IPHONEOS_DEPLOYMENT_TARGET = 12.1;
				LD_RUNPATH_SEARCH_PATHS = (
					"$(inherited)",
					"@executable_path/Frameworks",
				);
				PRODUCT_BUNDLE_IDENTIFIER = "com.soyaaroncervantes.practica-tres";
				PRODUCT_NAME = "$(TARGET_NAME)";
				SWIFT_VERSION = 5.0;
				TARGETED_DEVICE_FAMILY = 1;
			};
			name = Debug;
		};
		DA82514025F2EAF8001A96D2 /* Release */ = {
			isa = XCBuildConfiguration;
			buildSettings = {
				ASSETCATALOG_COMPILER_APPICON_NAME = AppIcon;
				ASSETCATALOG_COMPILER_GLOBAL_ACCENT_COLOR_NAME = AccentColor;
				CODE_SIGN_STYLE = Automatic;
				DEVELOPMENT_TEAM = 9FG8SD99LV;
				INFOPLIST_FILE = practica_tres/Info.plist;
				IPHONEOS_DEPLOYMENT_TARGET = 12.1;
				LD_RUNPATH_SEARCH_PATHS = (
					"$(inherited)",
					"@executable_path/Frameworks",
				);
				PRODUCT_BUNDLE_IDENTIFIER = "com.soyaaroncervantes.practica-tres";
				PRODUCT_NAME = "$(TARGET_NAME)";
				SWIFT_VERSION = 5.0;
				TARGETED_DEVICE_FAMILY = 1;
			};
			name = Release;
		};
/* End XCBuildConfiguration section */

/* Begin XCConfigurationList section */
		DA82512525F2EAF8001A96D2 /* Build configuration list for PBXProject "practica_tres" */ = {
			isa = XCConfigurationList;
			buildConfigurations = (
				DA82513C25F2EAF8001A96D2 /* Debug */,
				DA82513D25F2EAF8001A96D2 /* Release */,
			);
			defaultConfigurationIsVisible = 0;
			defaultConfigurationName = Release;
		};
		DA82513E25F2EAF8001A96D2 /* Build configuration list for PBXNativeTarget "practica_tres" */ = {
			isa = XCConfigurationList;
			buildConfigurations = (
				DA82513F25F2EAF8001A96D2 /* Debug */,
				DA82514025F2EAF8001A96D2 /* Release */,
			);
			defaultConfigurationIsVisible = 0;
			defaultConfigurationName = Release;
		};
/* End XCConfigurationList section */
	};
	rootObject = DA82512225F2EAF8001A96D2 /* Project object */;
}
